
Microsoft Visual Studio Solution File, Format Version 12.00
# Visual Studio Version 17
VisualStudioVersion = 17.9.34728.123
MinimumVisualStudioVersion = 10.0.40219.1
Project("{9A19103F-16F7-4668-BE54-9A1E7A4F7556}") = "ManageHotel", "ManageHotel\ManageHotel.csproj", "{CFB06E3B-8D60-4D23-8E13-4D3895463359}"
EndProject
Global
	GlobalSection(SolutionConfigurationPlatforms) = preSolution
		Debug|Any CPU = Debug|Any CPU
		Release|Any CPU = Release|Any CPU
	EndGlobalSection
	GlobalSection(ProjectConfigurationPlatforms) = postSolution
		{CFB06E3B-8D60-4D23-8E13-4D3895463359}.Debug|Any CPU.ActiveCfg = Debug|Any CPU
		{CFB06E3B-8D60-4D23-8E13-4D3895463359}.Debug|Any CPU.Build.0 = Debug|Any CPU
		{CFB06E3B-8D60-4D23-8E13-4D3895463359}.Release|Any CPU.ActiveCfg = Release|Any CPU
		{CFB06E3B-8D60-4D23-8E13-4D3895463359}.Release|Any CPU.Build.0 = Release|Any CPU
	EndGlobalSection
	GlobalSection(SolutionProperties) = preSolution
		HideSolutionNode = FALSE
	EndGlobalSection
	GlobalSection(ExtensibilityGlobals) = postSolution
		SolutionGuid = {4FF8FD07-08D2-46F5-9666-63D3DF73D6BD}
	EndGlobalSection
EndGlobal
